
Microsoft Visual Studio Solution File, Format Version 12.00
Project("{F2A71F9B-5D33-465A-A702-920D77279786}") = "LifeNotesAPI", "LifeNotesAPI\LifeNotesAPI.fsproj", "{3CCC3659-1C83-4D43-B87F-32687CD18C8E}"
EndProject
Global
	GlobalSection(SolutionConfigurationPlatforms) = preSolution
		Debug|Any CPU = Debug|Any CPU
		Release|Any CPU = Release|Any CPU
	EndGlobalSection
	GlobalSection(ProjectConfigurationPlatforms) = postSolution
		{3CCC3659-1C83-4D43-B87F-32687CD18C8E}.Debug|Any CPU.ActiveCfg = Debug|Any CPU
		{3CCC3659-1C83-4D43-B87F-32687CD18C8E}.Debug|Any CPU.Build.0 = Debug|Any CPU
		{3CCC3659-1C83-4D43-B87F-32687CD18C8E}.Release|Any CPU.ActiveCfg = Release|Any CPU
		{3CCC3659-1C83-4D43-B87F-32687CD18C8E}.Release|Any CPU.Build.0 = Release|Any CPU
	EndGlobalSection
EndGlobal
